
Microsoft Visual Studio Solution File, Format Version 12.00
# Visual Studio Version 17
VisualStudioVersion = 17.14.36429.23 d17.14
MinimumVisualStudioVersion = 10.0.40219.1
Project("{8BC9CEB8-8B4A-11D0-8D11-00A0C91BC942}") = "HOMETASK_10", "HOMETASK_10\HOMETASK_10.vcxproj", "{9DA626EF-1013-4A5B-83A4-475FA85C67CF}"
EndProject
Global
	GlobalSection(SolutionConfigurationPlatforms) = preSolution
		Debug|x64 = Debug|x64
		Debug|x86 = Debug|x86
		Release|x64 = Release|x64
		Release|x86 = Release|x86
	EndGlobalSection
	GlobalSection(ProjectConfigurationPlatforms) = postSolution
		{9DA626EF-1013-4A5B-83A4-475FA85C67CF}.Debug|x64.ActiveCfg = Debug|x64
		{9DA626EF-1013-4A5B-83A4-475FA85C67CF}.Debug|x64.Build.0 = Debug|x64
		{9DA626EF-1013-4A5B-83A4-475FA85C67CF}.Debug|x86.ActiveCfg = Debug|Win32
		{9DA626EF-1013-4A5B-83A4-475FA85C67CF}.Debug|x86.Build.0 = Debug|Win32
		{9DA626EF-1013-4A5B-83A4-475FA85C67CF}.Release|x64.ActiveCfg = Release|x64
		{9DA626EF-1013-4A5B-83A4-475FA85C67CF}.Release|x64.Build.0 = Release|x64
		{9DA626EF-1013-4A5B-83A4-475FA85C67CF}.Release|x86.ActiveCfg = Release|Win32
		{9DA626EF-1013-4A5B-83A4-475FA85C67CF}.Release|x86.Build.0 = Release|Win32
	EndGlobalSection
	GlobalSection(SolutionProperties) = preSolution
		HideSolutionNode = FALSE
	EndGlobalSection
	GlobalSection(ExtensibilityGlobals) = postSolution
		SolutionGuid = {8F9F1ADB-64B1-4699-B50A-0E3F2F61DC7E}
	EndGlobalSection
EndGlobal
